
Microsoft Visual Studio Solution File, Format Version 12.00
# Visual Studio Version 17
VisualStudioVersion = 17.7.34024.191
MinimumVisualStudioVersion = 10.0.40219.1
Project("{9A19103F-16F7-4668-BE54-9A1E7A4F7556}") = "ProyectoCS-CDatos", "ProyectoCS-CDatos\ProyectoCS-CDatos.csproj", "{5673E4FA-D666-49EA-99D2-1CDBFAE595AA}"
EndProject
Project("{9A19103F-16F7-4668-BE54-9A1E7A4F7556}") = "ProyectoCS-CNegocio", "Proyecto-CS-CNegocio\ProyectoCS-CNegocio.csproj", "{EF033CA7-C15A-44FC-AF66-A4B450FEE746}"
	ProjectSection(ProjectDependencies) = postProject
		{A90621AB-9767-46D9-9E1F-DFD927A7F6B7} = {A90621AB-9767-46D9-9E1F-DFD927A7F6B7}
	EndProjectSection
EndProject
Project("{9A19103F-16F7-4668-BE54-9A1E7A4F7556}") = "ProyectoCS-CVista", "ProyectoCS-CVista\ProyectoCS-CVista.csproj", "{E98FF41A-E734-4BD4-8791-C61F5A896EB2}"
EndProject
Project("{9A19103F-16F7-4668-BE54-9A1E7A4F7556}") = "AuthTesting", "AuthTestin\AuthTesting.csproj", "{D80186BF-CCE7-4124-B6EC-E598806877F7}"
EndProject
Project("{9A19103F-16F7-4668-BE54-9A1E7A4F7556}") = "Repository", "Repository\Repository.csproj", "{CAF82032-1E04-4D6C-BDD4-F1CEFC61484B}"
EndProject
Project("{9A19103F-16F7-4668-BE54-9A1E7A4F7556}") = "CustomException", "ExceptionHandling\CustomException.csproj", "{A90621AB-9767-46D9-9E1F-DFD927A7F6B7}"
EndProject
Global
	GlobalSection(SolutionConfigurationPlatforms) = preSolution
		Debug|Any CPU = Debug|Any CPU
		Release|Any CPU = Release|Any CPU
	EndGlobalSection
	GlobalSection(ProjectConfigurationPlatforms) = postSolution
		{5673E4FA-D666-49EA-99D2-1CDBFAE595AA}.Debug|Any CPU.ActiveCfg = Debug|Any CPU
		{5673E4FA-D666-49EA-99D2-1CDBFAE595AA}.Debug|Any CPU.Build.0 = Debug|Any CPU
		{5673E4FA-D666-49EA-99D2-1CDBFAE595AA}.Release|Any CPU.ActiveCfg = Release|Any CPU
		{5673E4FA-D666-49EA-99D2-1CDBFAE595AA}.Release|Any CPU.Build.0 = Release|Any CPU
		{EF033CA7-C15A-44FC-AF66-A4B450FEE746}.Debug|Any CPU.ActiveCfg = Debug|Any CPU
		{EF033CA7-C15A-44FC-AF66-A4B450FEE746}.Debug|Any CPU.Build.0 = Debug|Any CPU
		{EF033CA7-C15A-44FC-AF66-A4B450FEE746}.Release|Any CPU.ActiveCfg = Release|Any CPU
		{EF033CA7-C15A-44FC-AF66-A4B450FEE746}.Release|Any CPU.Build.0 = Release|Any CPU
		{E98FF41A-E734-4BD4-8791-C61F5A896EB2}.Debug|Any CPU.ActiveCfg = Debug|Any CPU
		{E98FF41A-E734-4BD4-8791-C61F5A896EB2}.Debug|Any CPU.Build.0 = Debug|Any CPU
		{E98FF41A-E734-4BD4-8791-C61F5A896EB2}.Release|Any CPU.ActiveCfg = Release|Any CPU
		{E98FF41A-E734-4BD4-8791-C61F5A896EB2}.Release|Any CPU.Build.0 = Release|Any CPU
		{D80186BF-CCE7-4124-B6EC-E598806877F7}.Debug|Any CPU.ActiveCfg = Debug|Any CPU
		{D80186BF-CCE7-4124-B6EC-E598806877F7}.Debug|Any CPU.Build.0 = Debug|Any CPU
		{D80186BF-CCE7-4124-B6EC-E598806877F7}.Release|Any CPU.ActiveCfg = Release|Any CPU
		{D80186BF-CCE7-4124-B6EC-E598806877F7}.Release|Any CPU.Build.0 = Release|Any CPU
		{CAF82032-1E04-4D6C-BDD4-F1CEFC61484B}.Debug|Any CPU.ActiveCfg = Debug|Any CPU
		{CAF82032-1E04-4D6C-BDD4-F1CEFC61484B}.Debug|Any CPU.Build.0 = Debug|Any CPU
		{CAF82032-1E04-4D6C-BDD4-F1CEFC61484B}.Release|Any CPU.ActiveCfg = Release|Any CPU
		{CAF82032-1E04-4D6C-BDD4-F1CEFC61484B}.Release|Any CPU.Build.0 = Release|Any CPU
		{A90621AB-9767-46D9-9E1F-DFD927A7F6B7}.Debug|Any CPU.ActiveCfg = Debug|Any CPU
		{A90621AB-9767-46D9-9E1F-DFD927A7F6B7}.Debug|Any CPU.Build.0 = Debug|Any CPU
		{A90621AB-9767-46D9-9E1F-DFD927A7F6B7}.Release|Any CPU.ActiveCfg = Release|Any CPU
		{A90621AB-9767-46D9-9E1F-DFD927A7F6B7}.Release|Any CPU.Build.0 = Release|Any CPU
	EndGlobalSection
	GlobalSection(SolutionProperties) = preSolution
		HideSolutionNode = FALSE
	EndGlobalSection
	GlobalSection(ExtensibilityGlobals) = postSolution
		SolutionGuid = {7216A2F2-6A78-4A28-96B0-5E3F6EA3B83D}
	EndGlobalSection
EndGlobal
